
Microsoft Visual Studio Solution File, Format Version 12.00
# Visual Studio Version 16
VisualStudioVersion = 25.0.1706.12
MinimumVisualStudioVersion = 10.0.40219.1
Project("{2150E333-8FDC-42A3-9474-1A3956D46DE8}") = "Modules", "Modules", "{A254B1AC-3650-436E-AB3B-84FCB39AFE0E}"
EndProject
Project("{2150E333-8FDC-42A3-9474-1A3956D46DE8}") = "Users", "Users", "{9A98FCA2-495E-4AE6-9CC7-79FF5802DF42}"
EndProject
Project("{2150E333-8FDC-42A3-9474-1A3956D46DE8}") = "Estates", "Estates", "{B2072AB5-BBF5-48BA-8864-46A027EB1D49}"
EndProject
Project("{2150E333-8FDC-42A3-9474-1A3956D46DE8}") = "Customers", "Customers", "{33F34623-6A46-4AD7-9F06-311F3B1E7B0F}"
EndProject
Project("{2150E333-8FDC-42A3-9474-1A3956D46DE8}") = "Billing", "Billing", "{2FA9E32D-5EE1-4664-89E5-09A4D6B5A8AA}"
EndProject
Project("{2150E333-8FDC-42A3-9474-1A3956D46DE8}") = "Payments", "Payments", "{1DDAA2C5-70C8-4198-9E29-8F34FBA91C89}"
EndProject
Project("{2150E333-8FDC-42A3-9474-1A3956D46DE8}") = "Finance", "Finance", "{496ABA25-030D-48E5-B5B5-2C093D98F1B6}"
EndProject
Project("{2150E333-8FDC-42A3-9474-1A3956D46DE8}") = "Notification", "Notification", "{BD959F9A-1A52-422C-82A9-1AC9352AFC1A}"
EndProject
Project("{2150E333-8FDC-42A3-9474-1A3956D46DE8}") = "Facilities", "Facilities", "{7567BDF7-7DB7-4C9D-A729-C2306ADF435D}"
EndProject
Project("{2150E333-8FDC-42A3-9474-1A3956D46DE8}") = "Legal", "Legal", "{82F3D860-B9E3-47E0-A66D-140D7565DE16}"
EndProject
Project("{FAE04EC0-301F-11D3-BF4B-00C04F79EFBC}") = "PMS.Presentation", "PMS.Presentation\PMS.Presentation.csproj", "{05538A13-E607-42F3-A335-5B21903A1FB4}"
EndProject
Project("{FAE04EC0-301F-11D3-BF4B-00C04F79EFBC}") = "Modules.Users.Infrastructure", "Modules\Modules.Users.Infrastructure\Modules.Users.Infrastructure.csproj", "{9FD2D22E-15BB-4BB5-B0CB-CFECDFC6E977}"
EndProject
Project("{FAE04EC0-301F-11D3-BF4B-00C04F79EFBC}") = "Modules.Users.Application", "Modules\Modules.Users.Application\Modules.Users.Application.csproj", "{3A2F861D-71E6-4F0F-A7B1-4164DC3C3B66}"
EndProject
Project("{FAE04EC0-301F-11D3-BF4B-00C04F79EFBC}") = "Modules.Users.Presentation", "Modules\Modules.Users.Presentation\Modules.Users.Presentation.csproj", "{60A65C4F-BF69-44F6-859F-FFD5AFE7FA8C}"
EndProject
Project("{FAE04EC0-301F-11D3-BF4B-00C04F79EFBC}") = "Modules.Users.Domain", "Modules\Modules.Users.Domain\Modules.Users.Domain.csproj", "{D886B370-2CDD-4D4E-8CB5-BDE18E7581A3}"
EndProject
Project("{FAE04EC0-301F-11D3-BF4B-00C04F79EFBC}") = "Modules.Estates.Application", "Modules\Modules.Estates.Application\Modules.Estates.Application.csproj", "{2ED47173-1174-49F9-88EC-96FDA284847B}"
EndProject
Project("{FAE04EC0-301F-11D3-BF4B-00C04F79EFBC}") = "Modules.Estates.Domain", "Modules\Modules.Estates.Domain\Modules.Estates.Domain.csproj", "{47896882-86C7-4FF1-A6AF-4FC6C1E1EE3A}"
EndProject
Project("{FAE04EC0-301F-11D3-BF4B-00C04F79EFBC}") = "Modules.Estates.Presentation", "Modules\Modules.Estates.Presentation\Modules.Estates.Presentation.csproj", "{9CB531A3-A821-4E54-BBFA-CC448A9A933A}"
EndProject
Project("{FAE04EC0-301F-11D3-BF4B-00C04F79EFBC}") = "Modules.Customers.Domain", "Modules\Modules.Customers.Domain\Modules.Customers.Domain.csproj", "{886E308A-5F06-4109-A9C6-33A5FE5C6990}"
EndProject
Project("{FAE04EC0-301F-11D3-BF4B-00C04F79EFBC}") = "Modules.Customers.Infrastructure", "Modules\Modules.Customers.Infrastructure\Modules.Customers.Infrastructure.csproj", "{8BE0ECA5-2BEE-4D86-AEA8-2158EED930CB}"
EndProject
Project("{FAE04EC0-301F-11D3-BF4B-00C04F79EFBC}") = "Modules.Customers.Application", "Modules\Modules.Customers.Application\Modules.Customers.Application.csproj", "{AC9D8947-908E-46DF-83FF-7CD6CCF8F760}"
EndProject
Project("{2150E333-8FDC-42A3-9474-1A3956D46DE8}") = "Common", "Common", "{1DCE1D2F-8E6D-4B31-B1C6-37047D27664F}"
EndProject
Project("{FAE04EC0-301F-11D3-BF4B-00C04F79EFBC}") = "Modules.Common.Domain", "Modules\Modules.Common.Domain\Modules.Common.Domain.csproj", "{D98A82C1-FE26-4450-A32B-C563439428DE}"
EndProject
Project("{FAE04EC0-301F-11D3-BF4B-00C04F79EFBC}") = "Modules.Finance.Domain", "Modules\Modules.Finance.Domain\Modules.Finance.Domain.csproj", "{481F3B0D-358C-41E9-82C8-2B07183B1B81}"
EndProject
Project("{FAE04EC0-301F-11D3-BF4B-00C04F79EFBC}") = "Modules.Finance.Application", "Modules\Modules.Finance.Application\Modules.Finance.Application.csproj", "{31D87B49-3BAB-48D6-94AB-19EC638ADF1A}"
EndProject
Project("{FAE04EC0-301F-11D3-BF4B-00C04F79EFBC}") = "Modules.Finance.Infrastructure", "Modules\Modules.Finance.Infrastructure\Modules.Finance.Infrastructure.csproj", "{4D5051ED-C8E4-49FA-B697-7EFA3B8701C1}"
EndProject
Project("{FAE04EC0-301F-11D3-BF4B-00C04F79EFBC}") = "Modules.Finance.Presentation", "Modules\Modules.Finance.Presentation\Modules.Finance.Presentation.csproj", "{76CBC73F-F448-4E76-9D75-737054094EB0}"
EndProject
Project("{FAE04EC0-301F-11D3-BF4B-00C04F79EFBC}") = "Modules.Estates.Infrastructure", "Modules\Modules.Estates.Infrastructure\Modules.Estates.Infrastructure.csproj", "{1914AF9D-BC73-45FB-B535-90F383D37FB5}"
EndProject
Project("{FAE04EC0-301F-11D3-BF4B-00C04F79EFBC}") = "Modules.Billing.Domain", "Modules\Modules.Billing.Domain\Modules.Billing.Domain.csproj", "{B79E344A-5AB2-4E2E-A895-CBE953FDD45D}"
EndProject
Project("{FAE04EC0-301F-11D3-BF4B-00C04F79EFBC}") = "Modules.Billing.Infrastructure", "Modules\Modules.Billing.Infrastructure\Modules.Billing.Infrastructure.csproj", "{00D98C65-3D5C-4437-B19F-83FCE671FAF3}"
EndProject
Project("{FAE04EC0-301F-11D3-BF4B-00C04F79EFBC}") = "Modules.Billing.Application", "Modules\Modules.Billing.Application\Modules.Billing.Application.csproj", "{05D12119-7172-484F-A71C-C3D1B0BE6216}"
EndProject
Project("{FAE04EC0-301F-11D3-BF4B-00C04F79EFBC}") = "Modules.Billing.Presentation", "Modules\Modules.Billing.Presentation\Modules.Billing.Presentation.csproj", "{701680E2-8C3E-43C6-A0B0-1946E00F2F33}"
EndProject
Project("{FAE04EC0-301F-11D3-BF4B-00C04F79EFBC}") = "Modules.Customers.Presentation", "Modules\Modules.Customers.Presentation\Modules.Customers.Presentation.csproj", "{DD48B736-BD8E-40F1-97C6-1006FD38A535}"
EndProject
Project("{FAE04EC0-301F-11D3-BF4B-00C04F79EFBC}") = "Modules.Common.Infrastructure", "Modules\Modules.Common.Infrastructure\Modules.Common.Infrastructure.csproj", "{9842F69D-ECFE-449C-BFBE-4F995BC8A87B}"
EndProject
Project("{FAE04EC0-301F-11D3-BF4B-00C04F79EFBC}") = "Modules.Common.Presentation", "Modules\Modules.Common.Presentation\Modules.Common.Presentation.csproj", "{7AE4B78A-C2EB-4F3F-9863-0B728647CB6C}"
EndProject
Project("{FAE04EC0-301F-11D3-BF4B-00C04F79EFBC}") = "Modules.Notification.Domain", "Modules\Modules.Notification.Domain\Modules.Notification.Domain.csproj", "{1B88F298-E166-44A7-AB48-B2A8BF4887FE}"
EndProject
Project("{FAE04EC0-301F-11D3-BF4B-00C04F79EFBC}") = "Modules.Notification.Application", "Modules\Modules.Notification.Application\Modules.Notification.Application.csproj", "{64A9670E-4F5D-49F5-98E1-12243342C8A2}"
EndProject
Project("{FAE04EC0-301F-11D3-BF4B-00C04F79EFBC}") = "Modules.Notification.Infrastructure", "Modules\Modules.Notification.Infrastructure\Modules.Notification.Infrastructure.csproj", "{D8C2C58D-16DD-410C-8F5B-C260D81A1634}"
EndProject
Project("{FAE04EC0-301F-11D3-BF4B-00C04F79EFBC}") = "Modules.Notification.Presentation", "Modules\Modules.Notification.Presentation\Modules.Notification.Presentation.csproj", "{D9255BE7-A0CE-4507-81E7-6E79A7F18D98}"
EndProject
Project("{2150E333-8FDC-42A3-9474-1A3956D46DE8}") = "Solution Items", "Solution Items", "{CC13A21A-95A1-4435-AA86-1BE52EBB646A}"
	ProjectSection(SolutionItems) = preProject
		.gitignore = .gitignore
		appsettings.Development.json = appsettings.Development.json
		appsettings.json = appsettings.json
	EndProjectSection
EndProject
Project("{2150E333-8FDC-42A3-9474-1A3956D46DE8}") = "Test", "Test", "{03A7C49C-25C5-473B-AE3C-9B0E6932B6FE}"
EndProject
Project("{FAE04EC0-301F-11D3-BF4B-00C04F79EFBC}") = "Modules.Estates.UnitTest", "Test\Modules.Estates.UnitTest\Modules.Estates.UnitTest.csproj", "{114EC5E6-E629-42C7-BBEC-59167C111F85}"
EndProject
Project("{FAE04EC0-301F-11D3-BF4B-00C04F79EFBC}") = "Modules.Users.UnitTest", "Test\Modules.Users.UnitTest\Modules.Users.UnitTest.csproj", "{153B3761-F766-4D11-A5EC-DB0DB63350E7}"
EndProject
Project("{FAE04EC0-301F-11D3-BF4B-00C04F79EFBC}") = "Modules.Customers.UnitTest", "Test\Modules.Customers.UnitTest\Modules.Customers.UnitTest.csproj", "{07F05AB7-72D8-4610-9169-33216C447618}"
EndProject
Global
	GlobalSection(SolutionConfigurationPlatforms) = preSolution
		Debug|Any CPU = Debug|Any CPU
		Release|Any CPU = Release|Any CPU
	EndGlobalSection
	GlobalSection(ProjectConfigurationPlatforms) = postSolution
		{05538A13-E607-42F3-A335-5B21903A1FB4}.Debug|Any CPU.ActiveCfg = Debug|Any CPU
		{05538A13-E607-42F3-A335-5B21903A1FB4}.Debug|Any CPU.Build.0 = Debug|Any CPU
		{05538A13-E607-42F3-A335-5B21903A1FB4}.Release|Any CPU.ActiveCfg = Release|Any CPU
		{05538A13-E607-42F3-A335-5B21903A1FB4}.Release|Any CPU.Build.0 = Release|Any CPU
		{9FD2D22E-15BB-4BB5-B0CB-CFECDFC6E977}.Debug|Any CPU.ActiveCfg = Debug|Any CPU
		{9FD2D22E-15BB-4BB5-B0CB-CFECDFC6E977}.Debug|Any CPU.Build.0 = Debug|Any CPU
		{9FD2D22E-15BB-4BB5-B0CB-CFECDFC6E977}.Release|Any CPU.ActiveCfg = Release|Any CPU
		{9FD2D22E-15BB-4BB5-B0CB-CFECDFC6E977}.Release|Any CPU.Build.0 = Release|Any CPU
		{3A2F861D-71E6-4F0F-A7B1-4164DC3C3B66}.Debug|Any CPU.ActiveCfg = Debug|Any CPU
		{3A2F861D-71E6-4F0F-A7B1-4164DC3C3B66}.Debug|Any CPU.Build.0 = Debug|Any CPU
		{3A2F861D-71E6-4F0F-A7B1-4164DC3C3B66}.Release|Any CPU.ActiveCfg = Release|Any CPU
		{3A2F861D-71E6-4F0F-A7B1-4164DC3C3B66}.Release|Any CPU.Build.0 = Release|Any CPU
		{60A65C4F-BF69-44F6-859F-FFD5AFE7FA8C}.Debug|Any CPU.ActiveCfg = Debug|Any CPU
		{60A65C4F-BF69-44F6-859F-FFD5AFE7FA8C}.Debug|Any CPU.Build.0 = Debug|Any CPU
		{60A65C4F-BF69-44F6-859F-FFD5AFE7FA8C}.Release|Any CPU.ActiveCfg = Release|Any CPU
		{60A65C4F-BF69-44F6-859F-FFD5AFE7FA8C}.Release|Any CPU.Build.0 = Release|Any CPU
		{D886B370-2CDD-4D4E-8CB5-BDE18E7581A3}.Debug|Any CPU.ActiveCfg = Debug|Any CPU
		{D886B370-2CDD-4D4E-8CB5-BDE18E7581A3}.Debug|Any CPU.Build.0 = Debug|Any CPU
		{D886B370-2CDD-4D4E-8CB5-BDE18E7581A3}.Release|Any CPU.ActiveCfg = Release|Any CPU
		{D886B370-2CDD-4D4E-8CB5-BDE18E7581A3}.Release|Any CPU.Build.0 = Release|Any CPU
		{2ED47173-1174-49F9-88EC-96FDA284847B}.Debug|Any CPU.ActiveCfg = Debug|Any CPU
		{2ED47173-1174-49F9-88EC-96FDA284847B}.Debug|Any CPU.Build.0 = Debug|Any CPU
		{2ED47173-1174-49F9-88EC-96FDA284847B}.Release|Any CPU.ActiveCfg = Release|Any CPU
		{2ED47173-1174-49F9-88EC-96FDA284847B}.Release|Any CPU.Build.0 = Release|Any CPU
		{47896882-86C7-4FF1-A6AF-4FC6C1E1EE3A}.Debug|Any CPU.ActiveCfg = Debug|Any CPU
		{47896882-86C7-4FF1-A6AF-4FC6C1E1EE3A}.Debug|Any CPU.Build.0 = Debug|Any CPU
		{47896882-86C7-4FF1-A6AF-4FC6C1E1EE3A}.Release|Any CPU.ActiveCfg = Release|Any CPU
		{47896882-86C7-4FF1-A6AF-4FC6C1E1EE3A}.Release|Any CPU.Build.0 = Release|Any CPU
		{9CB531A3-A821-4E54-BBFA-CC448A9A933A}.Debug|Any CPU.ActiveCfg = Debug|Any CPU
		{9CB531A3-A821-4E54-BBFA-CC448A9A933A}.Debug|Any CPU.Build.0 = Debug|Any CPU
		{9CB531A3-A821-4E54-BBFA-CC448A9A933A}.Release|Any CPU.ActiveCfg = Release|Any CPU
		{9CB531A3-A821-4E54-BBFA-CC448A9A933A}.Release|Any CPU.Build.0 = Release|Any CPU
		{886E308A-5F06-4109-A9C6-33A5FE5C6990}.Debug|Any CPU.ActiveCfg = Debug|Any CPU
		{886E308A-5F06-4109-A9C6-33A5FE5C6990}.Debug|Any CPU.Build.0 = Debug|Any CPU
		{886E308A-5F06-4109-A9C6-33A5FE5C6990}.Release|Any CPU.ActiveCfg = Release|Any CPU
		{886E308A-5F06-4109-A9C6-33A5FE5C6990}.Release|Any CPU.Build.0 = Release|Any CPU
		{8BE0ECA5-2BEE-4D86-AEA8-2158EED930CB}.Debug|Any CPU.ActiveCfg = Debug|Any CPU
		{8BE0ECA5-2BEE-4D86-AEA8-2158EED930CB}.Debug|Any CPU.Build.0 = Debug|Any CPU
		{8BE0ECA5-2BEE-4D86-AEA8-2158EED930CB}.Release|Any CPU.ActiveCfg = Release|Any CPU
		{8BE0ECA5-2BEE-4D86-AEA8-2158EED930CB}.Release|Any CPU.Build.0 = Release|Any CPU
		{AC9D8947-908E-46DF-83FF-7CD6CCF8F760}.Debug|Any CPU.ActiveCfg = Debug|Any CPU
		{AC9D8947-908E-46DF-83FF-7CD6CCF8F760}.Debug|Any CPU.Build.0 = Debug|Any CPU
		{AC9D8947-908E-46DF-83FF-7CD6CCF8F760}.Release|Any CPU.ActiveCfg = Release|Any CPU
		{AC9D8947-908E-46DF-83FF-7CD6CCF8F760}.Release|Any CPU.Build.0 = Release|Any CPU
		{D98A82C1-FE26-4450-A32B-C563439428DE}.Debug|Any CPU.ActiveCfg = Debug|Any CPU
		{D98A82C1-FE26-4450-A32B-C563439428DE}.Debug|Any CPU.Build.0 = Debug|Any CPU
		{D98A82C1-FE26-4450-A32B-C563439428DE}.Release|Any CPU.ActiveCfg = Release|Any CPU
		{D98A82C1-FE26-4450-A32B-C563439428DE}.Release|Any CPU.Build.0 = Release|Any CPU
		{481F3B0D-358C-41E9-82C8-2B07183B1B81}.Debug|Any CPU.ActiveCfg = Debug|Any CPU
		{481F3B0D-358C-41E9-82C8-2B07183B1B81}.Debug|Any CPU.Build.0 = Debug|Any CPU
		{481F3B0D-358C-41E9-82C8-2B07183B1B81}.Release|Any CPU.ActiveCfg = Release|Any CPU
		{481F3B0D-358C-41E9-82C8-2B07183B1B81}.Release|Any CPU.Build.0 = Release|Any CPU
		{31D87B49-3BAB-48D6-94AB-19EC638ADF1A}.Debug|Any CPU.ActiveCfg = Debug|Any CPU
		{31D87B49-3BAB-48D6-94AB-19EC638ADF1A}.Debug|Any CPU.Build.0 = Debug|Any CPU
		{31D87B49-3BAB-48D6-94AB-19EC638ADF1A}.Release|Any CPU.ActiveCfg = Release|Any CPU
		{31D87B49-3BAB-48D6-94AB-19EC638ADF1A}.Release|Any CPU.Build.0 = Release|Any CPU
		{4D5051ED-C8E4-49FA-B697-7EFA3B8701C1}.Debug|Any CPU.ActiveCfg = Debug|Any CPU
		{4D5051ED-C8E4-49FA-B697-7EFA3B8701C1}.Debug|Any CPU.Build.0 = Debug|Any CPU
		{4D5051ED-C8E4-49FA-B697-7EFA3B8701C1}.Release|Any CPU.ActiveCfg = Release|Any CPU
		{4D5051ED-C8E4-49FA-B697-7EFA3B8701C1}.Release|Any CPU.Build.0 = Release|Any CPU
		{76CBC73F-F448-4E76-9D75-737054094EB0}.Debug|Any CPU.ActiveCfg = Debug|Any CPU
		{76CBC73F-F448-4E76-9D75-737054094EB0}.Debug|Any CPU.Build.0 = Debug|Any CPU
		{76CBC73F-F448-4E76-9D75-737054094EB0}.Release|Any CPU.ActiveCfg = Release|Any CPU
		{76CBC73F-F448-4E76-9D75-737054094EB0}.Release|Any CPU.Build.0 = Release|Any CPU
		{1914AF9D-BC73-45FB-B535-90F383D37FB5}.Debug|Any CPU.ActiveCfg = Debug|Any CPU
		{1914AF9D-BC73-45FB-B535-90F383D37FB5}.Debug|Any CPU.Build.0 = Debug|Any CPU
		{1914AF9D-BC73-45FB-B535-90F383D37FB5}.Release|Any CPU.ActiveCfg = Release|Any CPU
		{1914AF9D-BC73-45FB-B535-90F383D37FB5}.Release|Any CPU.Build.0 = Release|Any CPU
		{B79E344A-5AB2-4E2E-A895-CBE953FDD45D}.Debug|Any CPU.ActiveCfg = Debug|Any CPU
		{B79E344A-5AB2-4E2E-A895-CBE953FDD45D}.Debug|Any CPU.Build.0 = Debug|Any CPU
		{B79E344A-5AB2-4E2E-A895-CBE953FDD45D}.Release|Any CPU.ActiveCfg = Release|Any CPU
		{B79E344A-5AB2-4E2E-A895-CBE953FDD45D}.Release|Any CPU.Build.0 = Release|Any CPU
		{00D98C65-3D5C-4437-B19F-83FCE671FAF3}.Debug|Any CPU.ActiveCfg = Debug|Any CPU
		{00D98C65-3D5C-4437-B19F-83FCE671FAF3}.Debug|Any CPU.Build.0 = Debug|Any CPU
		{00D98C65-3D5C-4437-B19F-83FCE671FAF3}.Release|Any CPU.ActiveCfg = Release|Any CPU
		{00D98C65-3D5C-4437-B19F-83FCE671FAF3}.Release|Any CPU.Build.0 = Release|Any CPU
		{05D12119-7172-484F-A71C-C3D1B0BE6216}.Debug|Any CPU.ActiveCfg = Debug|Any CPU
		{05D12119-7172-484F-A71C-C3D1B0BE6216}.Debug|Any CPU.Build.0 = Debug|Any CPU
		{05D12119-7172-484F-A71C-C3D1B0BE6216}.Release|Any CPU.ActiveCfg = Release|Any CPU
		{05D12119-7172-484F-A71C-C3D1B0BE6216}.Release|Any CPU.Build.0 = Release|Any CPU
		{701680E2-8C3E-43C6-A0B0-1946E00F2F33}.Debug|Any CPU.ActiveCfg = Debug|Any CPU
		{701680E2-8C3E-43C6-A0B0-1946E00F2F33}.Debug|Any CPU.Build.0 = Debug|Any CPU
		{701680E2-8C3E-43C6-A0B0-1946E00F2F33}.Release|Any CPU.ActiveCfg = Release|Any CPU
		{701680E2-8C3E-43C6-A0B0-1946E00F2F33}.Release|Any CPU.Build.0 = Release|Any CPU
		{DD48B736-BD8E-40F1-97C6-1006FD38A535}.Debug|Any CPU.ActiveCfg = Debug|Any CPU
		{DD48B736-BD8E-40F1-97C6-1006FD38A535}.Debug|Any CPU.Build.0 = Debug|Any CPU
		{DD48B736-BD8E-40F1-97C6-1006FD38A535}.Release|Any CPU.ActiveCfg = Release|Any CPU
		{DD48B736-BD8E-40F1-97C6-1006FD38A535}.Release|Any CPU.Build.0 = Release|Any CPU
		{9842F69D-ECFE-449C-BFBE-4F995BC8A87B}.Debug|Any CPU.ActiveCfg = Debug|Any CPU
		{9842F69D-ECFE-449C-BFBE-4F995BC8A87B}.Debug|Any CPU.Build.0 = Debug|Any CPU
		{9842F69D-ECFE-449C-BFBE-4F995BC8A87B}.Release|Any CPU.ActiveCfg = Release|Any CPU
		{9842F69D-ECFE-449C-BFBE-4F995BC8A87B}.Release|Any CPU.Build.0 = Release|Any CPU
		{7AE4B78A-C2EB-4F3F-9863-0B728647CB6C}.Debug|Any CPU.ActiveCfg = Debug|Any CPU
		{7AE4B78A-C2EB-4F3F-9863-0B728647CB6C}.Debug|Any CPU.Build.0 = Debug|Any CPU
		{7AE4B78A-C2EB-4F3F-9863-0B728647CB6C}.Release|Any CPU.ActiveCfg = Release|Any CPU
		{7AE4B78A-C2EB-4F3F-9863-0B728647CB6C}.Release|Any CPU.Build.0 = Release|Any CPU
		{1B88F298-E166-44A7-AB48-B2A8BF4887FE}.Debug|Any CPU.ActiveCfg = Debug|Any CPU
		{1B88F298-E166-44A7-AB48-B2A8BF4887FE}.Debug|Any CPU.Build.0 = Debug|Any CPU
		{1B88F298-E166-44A7-AB48-B2A8BF4887FE}.Release|Any CPU.ActiveCfg = Release|Any CPU
		{1B88F298-E166-44A7-AB48-B2A8BF4887FE}.Release|Any CPU.Build.0 = Release|Any CPU
		{64A9670E-4F5D-49F5-98E1-12243342C8A2}.Debug|Any CPU.ActiveCfg = Debug|Any CPU
		{64A9670E-4F5D-49F5-98E1-12243342C8A2}.Debug|Any CPU.Build.0 = Debug|Any CPU
		{64A9670E-4F5D-49F5-98E1-12243342C8A2}.Release|Any CPU.ActiveCfg = Release|Any CPU
		{64A9670E-4F5D-49F5-98E1-12243342C8A2}.Release|Any CPU.Build.0 = Release|Any CPU
		{D8C2C58D-16DD-410C-8F5B-C260D81A1634}.Debug|Any CPU.ActiveCfg = Debug|Any CPU
		{D8C2C58D-16DD-410C-8F5B-C260D81A1634}.Debug|Any CPU.Build.0 = Debug|Any CPU
		{D8C2C58D-16DD-410C-8F5B-C260D81A1634}.Release|Any CPU.ActiveCfg = Release|Any CPU
		{D8C2C58D-16DD-410C-8F5B-C260D81A1634}.Release|Any CPU.Build.0 = Release|Any CPU
		{D9255BE7-A0CE-4507-81E7-6E79A7F18D98}.Debug|Any CPU.ActiveCfg = Debug|Any CPU
		{D9255BE7-A0CE-4507-81E7-6E79A7F18D98}.Debug|Any CPU.Build.0 = Debug|Any CPU
		{D9255BE7-A0CE-4507-81E7-6E79A7F18D98}.Release|Any CPU.ActiveCfg = Release|Any CPU
		{D9255BE7-A0CE-4507-81E7-6E79A7F18D98}.Release|Any CPU.Build.0 = Release|Any CPU
		{114EC5E6-E629-42C7-BBEC-59167C111F85}.Debug|Any CPU.ActiveCfg = Debug|Any CPU
		{114EC5E6-E629-42C7-BBEC-59167C111F85}.Debug|Any CPU.Build.0 = Debug|Any CPU
		{114EC5E6-E629-42C7-BBEC-59167C111F85}.Release|Any CPU.ActiveCfg = Release|Any CPU
		{114EC5E6-E629-42C7-BBEC-59167C111F85}.Release|Any CPU.Build.0 = Release|Any CPU
		{153B3761-F766-4D11-A5EC-DB0DB63350E7}.Debug|Any CPU.ActiveCfg = Debug|Any CPU
		{153B3761-F766-4D11-A5EC-DB0DB63350E7}.Debug|Any CPU.Build.0 = Debug|Any CPU
		{153B3761-F766-4D11-A5EC-DB0DB63350E7}.Release|Any CPU.ActiveCfg = Release|Any CPU
		{153B3761-F766-4D11-A5EC-DB0DB63350E7}.Release|Any CPU.Build.0 = Release|Any CPU
		{07F05AB7-72D8-4610-9169-33216C447618}.Debug|Any CPU.ActiveCfg = Debug|Any CPU
		{07F05AB7-72D8-4610-9169-33216C447618}.Debug|Any CPU.Build.0 = Debug|Any CPU
		{07F05AB7-72D8-4610-9169-33216C447618}.Release|Any CPU.ActiveCfg = Release|Any CPU
		{07F05AB7-72D8-4610-9169-33216C447618}.Release|Any CPU.Build.0 = Release|Any CPU
	EndGlobalSection
	GlobalSection(SolutionProperties) = preSolution
		HideSolutionNode = FALSE
	EndGlobalSection
	GlobalSection(ExtensibilityGlobals) = postSolution
		SolutionGuid = {F586E418-4746-4C7B-90A5-C5674F1852F2}
	EndGlobalSection
	GlobalSection(NestedProjects) = preSolution
		{9A98FCA2-495E-4AE6-9CC7-79FF5802DF42} = {A254B1AC-3650-436E-AB3B-84FCB39AFE0E}
		{B2072AB5-BBF5-48BA-8864-46A027EB1D49} = {A254B1AC-3650-436E-AB3B-84FCB39AFE0E}
		{33F34623-6A46-4AD7-9F06-311F3B1E7B0F} = {A254B1AC-3650-436E-AB3B-84FCB39AFE0E}
		{2FA9E32D-5EE1-4664-89E5-09A4D6B5A8AA} = {A254B1AC-3650-436E-AB3B-84FCB39AFE0E}
		{1DDAA2C5-70C8-4198-9E29-8F34FBA91C89} = {A254B1AC-3650-436E-AB3B-84FCB39AFE0E}
		{496ABA25-030D-48E5-B5B5-2C093D98F1B6} = {A254B1AC-3650-436E-AB3B-84FCB39AFE0E}
		{BD959F9A-1A52-422C-82A9-1AC9352AFC1A} = {A254B1AC-3650-436E-AB3B-84FCB39AFE0E}
		{7567BDF7-7DB7-4C9D-A729-C2306ADF435D} = {A254B1AC-3650-436E-AB3B-84FCB39AFE0E}
		{82F3D860-B9E3-47E0-A66D-140D7565DE16} = {A254B1AC-3650-436E-AB3B-84FCB39AFE0E}
		{9FD2D22E-15BB-4BB5-B0CB-CFECDFC6E977} = {9A98FCA2-495E-4AE6-9CC7-79FF5802DF42}
		{3A2F861D-71E6-4F0F-A7B1-4164DC3C3B66} = {9A98FCA2-495E-4AE6-9CC7-79FF5802DF42}
		{60A65C4F-BF69-44F6-859F-FFD5AFE7FA8C} = {9A98FCA2-495E-4AE6-9CC7-79FF5802DF42}
		{D886B370-2CDD-4D4E-8CB5-BDE18E7581A3} = {9A98FCA2-495E-4AE6-9CC7-79FF5802DF42}
		{2ED47173-1174-49F9-88EC-96FDA284847B} = {B2072AB5-BBF5-48BA-8864-46A027EB1D49}
		{47896882-86C7-4FF1-A6AF-4FC6C1E1EE3A} = {B2072AB5-BBF5-48BA-8864-46A027EB1D49}
		{9CB531A3-A821-4E54-BBFA-CC448A9A933A} = {B2072AB5-BBF5-48BA-8864-46A027EB1D49}
		{886E308A-5F06-4109-A9C6-33A5FE5C6990} = {33F34623-6A46-4AD7-9F06-311F3B1E7B0F}
		{8BE0ECA5-2BEE-4D86-AEA8-2158EED930CB} = {33F34623-6A46-4AD7-9F06-311F3B1E7B0F}
		{AC9D8947-908E-46DF-83FF-7CD6CCF8F760} = {33F34623-6A46-4AD7-9F06-311F3B1E7B0F}
		{1DCE1D2F-8E6D-4B31-B1C6-37047D27664F} = {A254B1AC-3650-436E-AB3B-84FCB39AFE0E}
		{D98A82C1-FE26-4450-A32B-C563439428DE} = {1DCE1D2F-8E6D-4B31-B1C6-37047D27664F}
		{481F3B0D-358C-41E9-82C8-2B07183B1B81} = {496ABA25-030D-48E5-B5B5-2C093D98F1B6}
		{31D87B49-3BAB-48D6-94AB-19EC638ADF1A} = {496ABA25-030D-48E5-B5B5-2C093D98F1B6}
		{4D5051ED-C8E4-49FA-B697-7EFA3B8701C1} = {496ABA25-030D-48E5-B5B5-2C093D98F1B6}
		{76CBC73F-F448-4E76-9D75-737054094EB0} = {496ABA25-030D-48E5-B5B5-2C093D98F1B6}
		{1914AF9D-BC73-45FB-B535-90F383D37FB5} = {B2072AB5-BBF5-48BA-8864-46A027EB1D49}
		{B79E344A-5AB2-4E2E-A895-CBE953FDD45D} = {2FA9E32D-5EE1-4664-89E5-09A4D6B5A8AA}
		{00D98C65-3D5C-4437-B19F-83FCE671FAF3} = {2FA9E32D-5EE1-4664-89E5-09A4D6B5A8AA}
		{05D12119-7172-484F-A71C-C3D1B0BE6216} = {2FA9E32D-5EE1-4664-89E5-09A4D6B5A8AA}
		{701680E2-8C3E-43C6-A0B0-1946E00F2F33} = {2FA9E32D-5EE1-4664-89E5-09A4D6B5A8AA}
		{DD48B736-BD8E-40F1-97C6-1006FD38A535} = {33F34623-6A46-4AD7-9F06-311F3B1E7B0F}
		{9842F69D-ECFE-449C-BFBE-4F995BC8A87B} = {1DCE1D2F-8E6D-4B31-B1C6-37047D27664F}
		{7AE4B78A-C2EB-4F3F-9863-0B728647CB6C} = {1DCE1D2F-8E6D-4B31-B1C6-37047D27664F}
		{1B88F298-E166-44A7-AB48-B2A8BF4887FE} = {BD959F9A-1A52-422C-82A9-1AC9352AFC1A}
		{64A9670E-4F5D-49F5-98E1-12243342C8A2} = {BD959F9A-1A52-422C-82A9-1AC9352AFC1A}
		{D8C2C58D-16DD-410C-8F5B-C260D81A1634} = {BD959F9A-1A52-422C-82A9-1AC9352AFC1A}
		{D9255BE7-A0CE-4507-81E7-6E79A7F18D98} = {BD959F9A-1A52-422C-82A9-1AC9352AFC1A}
		{114EC5E6-E629-42C7-BBEC-59167C111F85} = {03A7C49C-25C5-473B-AE3C-9B0E6932B6FE}
		{153B3761-F766-4D11-A5EC-DB0DB63350E7} = {03A7C49C-25C5-473B-AE3C-9B0E6932B6FE}
		{07F05AB7-72D8-4610-9169-33216C447618} = {03A7C49C-25C5-473B-AE3C-9B0E6932B6FE}
	EndGlobalSection
EndGlobal
